
Microsoft Visual Studio Solution File, Format Version 12.00
# Visual Studio Version 17
VisualStudioVersion = 17.5.33516.290
MinimumVisualStudioVersion = 10.0.40219.1
Project("{FAE04EC0-301F-11D3-BF4B-00C04F79EFBC}") = "week-3", "week-3.csproj", "{C33A4F26-7724-4B08-9CA9-B83C47E58492}"
EndProject
Global
	GlobalSection(SolutionConfigurationPlatforms) = preSolution
		Debug|Any CPU = Debug|Any CPU
		Release|Any CPU = Release|Any CPU
	EndGlobalSection
	GlobalSection(ProjectConfigurationPlatforms) = postSolution
		{C33A4F26-7724-4B08-9CA9-B83C47E58492}.Debug|Any CPU.ActiveCfg = Debug|Any CPU
		{C33A4F26-7724-4B08-9CA9-B83C47E58492}.Debug|Any CPU.Build.0 = Debug|Any CPU
		{C33A4F26-7724-4B08-9CA9-B83C47E58492}.Release|Any CPU.ActiveCfg = Release|Any CPU
		{C33A4F26-7724-4B08-9CA9-B83C47E58492}.Release|Any CPU.Build.0 = Release|Any CPU
	EndGlobalSection
	GlobalSection(SolutionProperties) = preSolution
		HideSolutionNode = FALSE
	EndGlobalSection
	GlobalSection(ExtensibilityGlobals) = postSolution
		SolutionGuid = {5D49BDB9-87B8-40CA-95F6-B79E00BF3579}
	EndGlobalSection
EndGlobal
